
Microsoft Visual Studio Solution File, Format Version 12.00
# Visual Studio Version 16
VisualStudioVersion = 16.0.29519.181
MinimumVisualStudioVersion = 10.0.40219.1
Project("{8BC9CEB8-8B4A-11D0-8D11-00A0C91BC942}") = "Algorithms", "Algorithms\Algorithms.vcxproj", "{57858DE7-3408-4ADD-BEA9-40FF4A238E50}"
EndProject
Project("{8BC9CEB8-8B4A-11D0-8D11-00A0C91BC942}") = "Dijkstras", "Dijkstras\Dijkstras.vcxproj", "{491511C6-FB18-4905-B80D-A7A926C2B907}"
EndProject
Project("{8BC9CEB8-8B4A-11D0-8D11-00A0C91BC942}") = "Kruskal", "Kruskal\Kruskal.vcxproj", "{8CB727B4-825C-4C8F-8D85-3B8DB2CCC09B}"
EndProject
Project("{8BC9CEB8-8B4A-11D0-8D11-00A0C91BC942}") = "Prim", "Prim\Prim.vcxproj", "{9E9A0E2D-4642-470D-8A3D-3086E983E70C}"
EndProject
Project("{8BC9CEB8-8B4A-11D0-8D11-00A0C91BC942}") = "Knapsack", "Knapsack\Knapsack.vcxproj", "{E8278146-342D-41F7-82C9-A6C93E6CD5B6}"
EndProject
Global
	GlobalSection(SolutionConfigurationPlatforms) = preSolution
		Debug|x64 = Debug|x64
		Debug|x86 = Debug|x86
		Release|x64 = Release|x64
		Release|x86 = Release|x86
	EndGlobalSection
	GlobalSection(ProjectConfigurationPlatforms) = postSolution
		{57858DE7-3408-4ADD-BEA9-40FF4A238E50}.Debug|x64.ActiveCfg = Debug|x64
		{57858DE7-3408-4ADD-BEA9-40FF4A238E50}.Debug|x64.Build.0 = Debug|x64
		{57858DE7-3408-4ADD-BEA9-40FF4A238E50}.Debug|x86.ActiveCfg = Debug|Win32
		{57858DE7-3408-4ADD-BEA9-40FF4A238E50}.Debug|x86.Build.0 = Debug|Win32
		{57858DE7-3408-4ADD-BEA9-40FF4A238E50}.Release|x64.ActiveCfg = Release|x64
		{57858DE7-3408-4ADD-BEA9-40FF4A238E50}.Release|x64.Build.0 = Release|x64
		{57858DE7-3408-4ADD-BEA9-40FF4A238E50}.Release|x86.ActiveCfg = Release|Win32
		{57858DE7-3408-4ADD-BEA9-40FF4A238E50}.Release|x86.Build.0 = Release|Win32
		{491511C6-FB18-4905-B80D-A7A926C2B907}.Debug|x64.ActiveCfg = Debug|x64
		{491511C6-FB18-4905-B80D-A7A926C2B907}.Debug|x64.Build.0 = Debug|x64
		{491511C6-FB18-4905-B80D-A7A926C2B907}.Debug|x86.ActiveCfg = Debug|Win32
		{491511C6-FB18-4905-B80D-A7A926C2B907}.Debug|x86.Build.0 = Debug|Win32
		{491511C6-FB18-4905-B80D-A7A926C2B907}.Release|x64.ActiveCfg = Release|x64
		{491511C6-FB18-4905-B80D-A7A926C2B907}.Release|x64.Build.0 = Release|x64
		{491511C6-FB18-4905-B80D-A7A926C2B907}.Release|x86.ActiveCfg = Release|Win32
		{491511C6-FB18-4905-B80D-A7A926C2B907}.Release|x86.Build.0 = Release|Win32
		{8CB727B4-825C-4C8F-8D85-3B8DB2CCC09B}.Debug|x64.ActiveCfg = Debug|x64
		{8CB727B4-825C-4C8F-8D85-3B8DB2CCC09B}.Debug|x64.Build.0 = Debug|x64
		{8CB727B4-825C-4C8F-8D85-3B8DB2CCC09B}.Debug|x86.ActiveCfg = Debug|Win32
		{8CB727B4-825C-4C8F-8D85-3B8DB2CCC09B}.Debug|x86.Build.0 = Debug|Win32
		{8CB727B4-825C-4C8F-8D85-3B8DB2CCC09B}.Release|x64.ActiveCfg = Release|x64
		{8CB727B4-825C-4C8F-8D85-3B8DB2CCC09B}.Release|x64.Build.0 = Release|x64
		{8CB727B4-825C-4C8F-8D85-3B8DB2CCC09B}.Release|x86.ActiveCfg = Release|Win32
		{8CB727B4-825C-4C8F-8D85-3B8DB2CCC09B}.Release|x86.Build.0 = Release|Win32
		{9E9A0E2D-4642-470D-8A3D-3086E983E70C}.Debug|x64.ActiveCfg = Debug|x64
		{9E9A0E2D-4642-470D-8A3D-3086E983E70C}.Debug|x64.Build.0 = Debug|x64
		{9E9A0E2D-4642-470D-8A3D-3086E983E70C}.Debug|x86.ActiveCfg = Debug|Win32
		{9E9A0E2D-4642-470D-8A3D-3086E983E70C}.Debug|x86.Build.0 = Debug|Win32
		{9E9A0E2D-4642-470D-8A3D-3086E983E70C}.Release|x64.ActiveCfg = Release|x64
		{9E9A0E2D-4642-470D-8A3D-3086E983E70C}.Release|x64.Build.0 = Release|x64
		{9E9A0E2D-4642-470D-8A3D-3086E983E70C}.Release|x86.ActiveCfg = Release|Win32
		{9E9A0E2D-4642-470D-8A3D-3086E983E70C}.Release|x86.Build.0 = Release|Win32
		{E8278146-342D-41F7-82C9-A6C93E6CD5B6}.Debug|x64.ActiveCfg = Debug|x64
		{E8278146-342D-41F7-82C9-A6C93E6CD5B6}.Debug|x64.Build.0 = Debug|x64
		{E8278146-342D-41F7-82C9-A6C93E6CD5B6}.Debug|x86.ActiveCfg = Debug|Win32
		{E8278146-342D-41F7-82C9-A6C93E6CD5B6}.Debug|x86.Build.0 = Debug|Win32
		{E8278146-342D-41F7-82C9-A6C93E6CD5B6}.Release|x64.ActiveCfg = Release|x64
		{E8278146-342D-41F7-82C9-A6C93E6CD5B6}.Release|x64.Build.0 = Release|x64
		{E8278146-342D-41F7-82C9-A6C93E6CD5B6}.Release|x86.ActiveCfg = Release|Win32
		{E8278146-342D-41F7-82C9-A6C93E6CD5B6}.Release|x86.Build.0 = Release|Win32
	EndGlobalSection
	GlobalSection(SolutionProperties) = preSolution
		HideSolutionNode = FALSE
	EndGlobalSection
	GlobalSection(ExtensibilityGlobals) = postSolution
		SolutionGuid = {E2A6EA6B-4A46-4DD4-BD7D-2C4B4BF15168}
	EndGlobalSection
EndGlobal
